<?xml version="1.0" encoding="utf-8"?>
<Project ToolsVersion="4.0" xmlns="http://schemas.microsoft.com/developer/msbuild/2003">
  <ItemGroup>
    <Filter Include="AutSim">
      <UniqueIdentifier>{989304A8-8435-2F7E-6DF0-42D25931B6CE}</UniqueIdentifier>
    </Filter>
  </ItemGroup>
  <ItemGroup>
    <ClInclude Include="src\AutSim.h" />
    <ClInclude Include="src\AutSim\Application.h">
      <Filter>AutSim</Filter>
    </ClInclude>
    <ClInclude Include="src\AutSim\Core.h">
      <Filter>AutSim</Filter>
    </ClInclude>
    <ClInclude Include="src\AutSim\EntryPoint.h">
      <Filter>AutSim</Filter>
    </ClInclude>
    <ClInclude Include="src\AutSim\Log.h">
      <Filter>AutSim</Filter>
    </ClInclude>
  </ItemGroup>
  <ItemGroup>
    <ClCompile Include="src\AutSim\Application.cpp">
      <Filter>AutSim</Filter>
    </ClCompile>
    <ClCompile Include="src\AutSim\Log.cpp">
      <Filter>AutSim</Filter>
    </ClCompile>
  </ItemGroup>
</Project>